
Microsoft Visual Studio Solution File, Format Version 12.00
# Visual Studio Version 16
VisualStudioVersion = 16.0.29424.173
MinimumVisualStudioVersion = 10.0.40219.1
Project("{FAE04EC0-301F-11D3-BF4B-00C04F79EFBC}") = "SeleniumNodeRunner", "SeleniumNodeRunner\SeleniumNodeRunner.csproj", "{A08A2ADB-1AB3-4FBB-A088-B0572BEA8E9F}"
EndProject
Global
	GlobalSection(SolutionConfigurationPlatforms) = preSolution
		Debug|Any CPU = Debug|Any CPU
		Release|Any CPU = Release|Any CPU
	EndGlobalSection
	GlobalSection(ProjectConfigurationPlatforms) = postSolution
		{A08A2ADB-1AB3-4FBB-A088-B0572BEA8E9F}.Debug|Any CPU.ActiveCfg = Debug|Any CPU
		{A08A2ADB-1AB3-4FBB-A088-B0572BEA8E9F}.Debug|Any CPU.Build.0 = Debug|Any CPU
		{A08A2ADB-1AB3-4FBB-A088-B0572BEA8E9F}.Release|Any CPU.ActiveCfg = Release|Any CPU
		{A08A2ADB-1AB3-4FBB-A088-B0572BEA8E9F}.Release|Any CPU.Build.0 = Release|Any CPU
	EndGlobalSection
	GlobalSection(SolutionProperties) = preSolution
		HideSolutionNode = FALSE
	EndGlobalSection
	GlobalSection(ExtensibilityGlobals) = postSolution
		SolutionGuid = {608E2F6D-EC73-45B0-9C95-6ED0520A478E}
	EndGlobalSection
EndGlobal
